
Microsoft Visual Studio Solution File, Format Version 12.00
# Visual Studio Version 17
VisualStudioVersion = 17.8.34330.188
MinimumVisualStudioVersion = 10.0.40219.1
Project("{9A19103F-16F7-4668-BE54-9A1E7A4F7556}") = "AppTransacaoFinanceira", "src\AppTransacaoFinanceira.csproj", "{269129A7-45D0-435C-9EA0-60432E9CE0BD}"
EndProject
Project("{9A19103F-16F7-4668-BE54-9A1E7A4F7556}") = "TestesUnitários", "tests\TestesUnitários\TestesUnitários.csproj", "{94BE1F26-8CC7-4BDF-8B71-074E6BBAC704}"
EndProject
Global
	GlobalSection(SolutionConfigurationPlatforms) = preSolution
		Debug|Any CPU = Debug|Any CPU
		Release|Any CPU = Release|Any CPU
	EndGlobalSection
	GlobalSection(ProjectConfigurationPlatforms) = postSolution
		{269129A7-45D0-435C-9EA0-60432E9CE0BD}.Debug|Any CPU.ActiveCfg = Debug|Any CPU
		{269129A7-45D0-435C-9EA0-60432E9CE0BD}.Debug|Any CPU.Build.0 = Debug|Any CPU
		{269129A7-45D0-435C-9EA0-60432E9CE0BD}.Release|Any CPU.ActiveCfg = Release|Any CPU
		{269129A7-45D0-435C-9EA0-60432E9CE0BD}.Release|Any CPU.Build.0 = Release|Any CPU
		{94BE1F26-8CC7-4BDF-8B71-074E6BBAC704}.Debug|Any CPU.ActiveCfg = Debug|Any CPU
		{94BE1F26-8CC7-4BDF-8B71-074E6BBAC704}.Debug|Any CPU.Build.0 = Debug|Any CPU
		{94BE1F26-8CC7-4BDF-8B71-074E6BBAC704}.Release|Any CPU.ActiveCfg = Release|Any CPU
		{94BE1F26-8CC7-4BDF-8B71-074E6BBAC704}.Release|Any CPU.Build.0 = Release|Any CPU
	EndGlobalSection
	GlobalSection(SolutionProperties) = preSolution
		HideSolutionNode = FALSE
	EndGlobalSection
	GlobalSection(ExtensibilityGlobals) = postSolution
		SolutionGuid = {D2546D08-ACE2-4C2B-BCB6-0614BC602C34}
	EndGlobalSection
EndGlobal
