
Microsoft Visual Studio Solution File, Format Version 12.00
# Visual Studio Version 17
VisualStudioVersion = 17.8.34330.188
MinimumVisualStudioVersion = 10.0.40219.1
Project("{9A19103F-16F7-4668-BE54-9A1E7A4F7556}") = "AppTransacaoFinanceira", "AppTransacaoFinanceira.csproj", "{BC19A01E-ACA3-4A61-B441-4A32E1109431}"
EndProject
Project("{9A19103F-16F7-4668-BE54-9A1E7A4F7556}") = "AppTransacaoFinanceiraTestes", "AppTransacaoFinanceiraTestes\AppTransacaoFinanceiraTestes.csproj", "{537E84D1-9FED-43B8-8902-C6418E1EF687}"
EndProject
Global
	GlobalSection(SolutionConfigurationPlatforms) = preSolution
		Debug|Any CPU = Debug|Any CPU
		Release|Any CPU = Release|Any CPU
	EndGlobalSection
	GlobalSection(ProjectConfigurationPlatforms) = postSolution
		{BC19A01E-ACA3-4A61-B441-4A32E1109431}.Debug|Any CPU.ActiveCfg = Debug|Any CPU
		{BC19A01E-ACA3-4A61-B441-4A32E1109431}.Debug|Any CPU.Build.0 = Debug|Any CPU
		{BC19A01E-ACA3-4A61-B441-4A32E1109431}.Release|Any CPU.ActiveCfg = Release|Any CPU
		{BC19A01E-ACA3-4A61-B441-4A32E1109431}.Release|Any CPU.Build.0 = Release|Any CPU
		{537E84D1-9FED-43B8-8902-C6418E1EF687}.Debug|Any CPU.ActiveCfg = Debug|Any CPU
		{537E84D1-9FED-43B8-8902-C6418E1EF687}.Debug|Any CPU.Build.0 = Debug|Any CPU
		{537E84D1-9FED-43B8-8902-C6418E1EF687}.Release|Any CPU.ActiveCfg = Release|Any CPU
		{537E84D1-9FED-43B8-8902-C6418E1EF687}.Release|Any CPU.Build.0 = Release|Any CPU
	EndGlobalSection
	GlobalSection(SolutionProperties) = preSolution
		HideSolutionNode = FALSE
	EndGlobalSection
	GlobalSection(ExtensibilityGlobals) = postSolution
		SolutionGuid = {D2546D08-ACE2-4C2B-BCB6-0614BC602C34}
	EndGlobalSection
EndGlobal
